// !$*UTF8*$!
{
	archiveVersion = 1;
	classes = {
	};
	objectVersion = 56;
	objects = {

/* Begin PBXBuildFile section */
		6A7816B92A38A238000B3517 /* QuestionView.swift in Sources */ = {isa = PBXBuildFile; fileRef = 6A7816B82A38A238000B3517 /* QuestionView.swift */; };
		6A9E115A2A5D7A32009A6463 /* Persistence.swift in Sources */ = {isa = PBXBuildFile; fileRef = 6A9E11592A5D7A32009A6463 /* Persistence.swift */; };
		6A9E115D2A5D7C7C009A6463 /* OneQuestion.xcdatamodeld in Sources */ = {isa = PBXBuildFile; fileRef = 6A9E115B2A5D7C7C009A6463 /* OneQuestion.xcdatamodeld */; };
		6A9E11652A5D818C009A6463 /* Question+CoreDataClass.swift in Sources */ = {isa = PBXBuildFile; fileRef = 6A9E11632A5D818C009A6463 /* Question+CoreDataClass.swift */; };
		6A9E11662A5D818C009A6463 /* Question+CoreDataProperties.swift in Sources */ = {isa = PBXBuildFile; fileRef = 6A9E11642A5D818C009A6463 /* Question+CoreDataProperties.swift */; };
		6A9E11682A5D8B7A009A6463 /* NewQuestion.swift in Sources */ = {isa = PBXBuildFile; fileRef = 6A9E11672A5D8B7A009A6463 /* NewQuestion.swift */; };
		6A9E116B2A5D93CB009A6463 /* QuestionFormViewModel.swift in Sources */ = {isa = PBXBuildFile; fileRef = 6A9E116A2A5D93CB009A6463 /* QuestionFormViewModel.swift */; };
		6AABE81E2A2FB3A2006C2EA3 /* OneQuestionApp.swift in Sources */ = {isa = PBXBuildFile; fileRef = 6AABE81D2A2FB3A2006C2EA3 /* OneQuestionApp.swift */; };
		6AABE8202A2FB3A2006C2EA3 /* HomeView.swift in Sources */ = {isa = PBXBuildFile; fileRef = 6AABE81F2A2FB3A2006C2EA3 /* HomeView.swift */; };
		6AABE8222A2FB3A3006C2EA3 /* Assets.xcassets in Resources */ = {isa = PBXBuildFile; fileRef = 6AABE8212A2FB3A3006C2EA3 /* Assets.xcassets */; };
		6AABE8252A2FB3A3006C2EA3 /* Preview Assets.xcassets in Resources */ = {isa = PBXBuildFile; fileRef = 6AABE8242A2FB3A3006C2EA3 /* Preview Assets.xcassets */; };
/* End PBXBuildFile section */

/* Begin PBXFileReference section */
		6A4983342A4AEAA80076753F /* README.md */ = {isa = PBXFileReference; lastKnownFileType = net.daringfireball.markdown; path = README.md; sourceTree = "<group>"; };
		6A7816B82A38A238000B3517 /* QuestionView.swift */ = {isa = PBXFileReference; lastKnownFileType = sourcecode.swift; path = QuestionView.swift; sourceTree = "<group>"; };
		6A9E11592A5D7A32009A6463 /* Persistence.swift */ = {isa = PBXFileReference; lastKnownFileType = sourcecode.swift; path = Persistence.swift; sourceTree = "<group>"; };
		6A9E115C2A5D7C7C009A6463 /* OneQuestion.xcdatamodel */ = {isa = PBXFileReference; lastKnownFileType = wrapper.xcdatamodel; path = OneQuestion.xcdatamodel; sourceTree = "<group>"; };
		6A9E11632A5D818C009A6463 /* Question+CoreDataClass.swift */ = {isa = PBXFileReference; lastKnownFileType = sourcecode.swift; path = "Question+CoreDataClass.swift"; sourceTree = SOURCE_ROOT; };
		6A9E11642A5D818C009A6463 /* Question+CoreDataProperties.swift */ = {isa = PBXFileReference; lastKnownFileType = sourcecode.swift; path = "Question+CoreDataProperties.swift"; sourceTree = SOURCE_ROOT; };
		6A9E11672A5D8B7A009A6463 /* NewQuestion.swift */ = {isa = PBXFileReference; lastKnownFileType = sourcecode.swift; path = NewQuestion.swift; sourceTree = "<group>"; };
		6A9E116A2A5D93CB009A6463 /* QuestionFormViewModel.swift */ = {isa = PBXFileReference; lastKnownFileType = sourcecode.swift; path = QuestionFormViewModel.swift; sourceTree = "<group>"; };
		6AABE81A2A2FB3A2006C2EA3 /* OneQuestion.app */ = {isa = PBXFileReference; explicitFileType = wrapper.application; includeInIndex = 0; path = OneQuestion.app; sourceTree = BUILT_PRODUCTS_DIR; };
		6AABE81D2A2FB3A2006C2EA3 /* OneQuestionApp.swift */ = {isa = PBXFileReference; lastKnownFileType = sourcecode.swift; path = OneQuestionApp.swift; sourceTree = "<group>"; };
		6AABE81F2A2FB3A2006C2EA3 /* HomeView.swift */ = {isa = PBXFileReference; lastKnownFileType = sourcecode.swift; path = HomeView.swift; sourceTree = "<group>"; };
		6AABE8212A2FB3A3006C2EA3 /* Assets.xcassets */ = {isa = PBXFileReference; lastKnownFileType = folder.assetcatalog; path = Assets.xcassets; sourceTree = "<group>"; };
		6AABE8242A2FB3A3006C2EA3 /* Preview Assets.xcassets */ = {isa = PBXFileReference; lastKnownFileType = folder.assetcatalog; path = "Preview Assets.xcassets"; sourceTree = "<group>"; };
/* End PBXFileReference section */

/* Begin PBXFrameworksBuildPhase section */
		6AABE8172A2FB3A2006C2EA3 /* Frameworks */ = {
			isa = PBXFrameworksBuildPhase;
			buildActionMask = 2147483647;
			files = (
			);
			runOnlyForDeploymentPostprocessing = 0;
		};
/* End PBXFrameworksBuildPhase section */

/* Begin PBXGroup section */
		6A7782E02A5EAB5F00B2C516 /* View */ = {
			isa = PBXGroup;
			children = (
				6AABE81F2A2FB3A2006C2EA3 /* HomeView.swift */,
				6A9E11672A5D8B7A009A6463 /* NewQuestion.swift */,
				6A7816B82A38A238000B3517 /* QuestionView.swift */,
			);
			path = View;
			sourceTree = "<group>";
		};
		6A9E115E2A5D7D5E009A6463 /* Model */ = {
			isa = PBXGroup;
			children = (
				6A9E11632A5D818C009A6463 /* Question+CoreDataClass.swift */,
				6A9E11642A5D818C009A6463 /* Question+CoreDataProperties.swift */,
			);
			path = Model;
			sourceTree = "<group>";
		};
		6A9E11692A5D93A5009A6463 /* ViewModel */ = {
			isa = PBXGroup;
			children = (
				6A9E116A2A5D93CB009A6463 /* QuestionFormViewModel.swift */,
			);
			path = ViewModel;
			sourceTree = "<group>";
		};
		6AABE8112A2FB3A2006C2EA3 = {
			isa = PBXGroup;
			children = (
				6A4983342A4AEAA80076753F /* README.md */,
				6AABE81C2A2FB3A2006C2EA3 /* OneQuestion */,
				6AABE81B2A2FB3A2006C2EA3 /* Products */,
			);
			sourceTree = "<group>";
		};
		6AABE81B2A2FB3A2006C2EA3 /* Products */ = {
			isa = PBXGroup;
			children = (
				6AABE81A2A2FB3A2006C2EA3 /* OneQuestion.app */,
			);
			name = Products;
			sourceTree = "<group>";
		};
		6AABE81C2A2FB3A2006C2EA3 /* OneQuestion */ = {
			isa = PBXGroup;
			children = (
				6A7782E02A5EAB5F00B2C516 /* View */,
				6A9E11692A5D93A5009A6463 /* ViewModel */,
				6A9E115E2A5D7D5E009A6463 /* Model */,
				6A9E115B2A5D7C7C009A6463 /* OneQuestion.xcdatamodeld */,
				6AABE81D2A2FB3A2006C2EA3 /* OneQuestionApp.swift */,
				6A9E11592A5D7A32009A6463 /* Persistence.swift */,
				6AABE8212A2FB3A3006C2EA3 /* Assets.xcassets */,
				6AABE8232A2FB3A3006C2EA3 /* Preview Content */,
			);
			path = OneQuestion;
			sourceTree = "<group>";
		};
		6AABE8232A2FB3A3006C2EA3 /* Preview Content */ = {
			isa = PBXGroup;
			children = (
				6AABE8242A2FB3A3006C2EA3 /* Preview Assets.xcassets */,
			);
			path = "Preview Content";
			sourceTree = "<group>";
		};
/* End PBXGroup section */

/* Begin PBXNativeTarget section */
		6AABE8192A2FB3A2006C2EA3 /* OneQuestion */ = {
			isa = PBXNativeTarget;
			buildConfigurationList = 6AABE8282A2FB3A3006C2EA3 /* Build configuration list for PBXNativeTarget "OneQuestion" */;
			buildPhases = (
				6AABE8162A2FB3A2006C2EA3 /* Sources */,
				6AABE8172A2FB3A2006C2EA3 /* Frameworks */,
				6AABE8182A2FB3A2006C2EA3 /* Resources */,
			);
			buildRules = (
			);
			dependencies = (
			);
			name = OneQuestion;
			productName = OneQuestion;
			productReference = 6AABE81A2A2FB3A2006C2EA3 /* OneQuestion.app */;
			productType = "com.apple.product-type.application";
		};
/* End PBXNativeTarget section */

/* Begin PBXProject section */
		6AABE8122A2FB3A2006C2EA3 /* Project object */ = {
			isa = PBXProject;
			attributes = {
				BuildIndependentTargetsInParallel = 1;
				LastSwiftUpdateCheck = 1430;
				LastUpgradeCheck = 1430;
				TargetAttributes = {
					6AABE8192A2FB3A2006C2EA3 = {
						CreatedOnToolsVersion = 14.3.1;
					};
				};
			};
			buildConfigurationList = 6AABE8152A2FB3A2006C2EA3 /* Build configuration list for PBXProject "OneQuestion" */;
			compatibilityVersion = "Xcode 14.0";
			developmentRegion = en;
			hasScannedForEncodings = 0;
			knownRegions = (
				en,
				Base,
			);
			mainGroup = 6AABE8112A2FB3A2006C2EA3;
			productRefGroup = 6AABE81B2A2FB3A2006C2EA3 /* Products */;
			projectDirPath = "";
			projectRoot = "";
			targets = (
				6AABE8192A2FB3A2006C2EA3 /* OneQuestion */,
			);
		};
/* End PBXProject section */

/* Begin PBXResourcesBuildPhase section */
		6AABE8182A2FB3A2006C2EA3 /* Resources */ = {
			isa = PBXResourcesBuildPhase;
			buildActionMask = 2147483647;
			files = (
				6AABE8252A2FB3A3006C2EA3 /* Preview Assets.xcassets in Resources */,
				6AABE8222A2FB3A3006C2EA3 /* Assets.xcassets in Resources */,
			);
			runOnlyForDeploymentPostprocessing = 0;
		};
/* End PBXResourcesBuildPhase section */

/* Begin PBXSourcesBuildPhase section */
		6AABE8162A2FB3A2006C2EA3 /* Sources */ = {
			isa = PBXSourcesBuildPhase;
			buildActionMask = 2147483647;
			files = (
				6A9E115D2A5D7C7C009A6463 /* OneQuestion.xcdatamodeld in Sources */,
				6A7816B92A38A238000B3517 /* QuestionView.swift in Sources */,
				6AABE8202A2FB3A2006C2EA3 /* HomeView.swift in Sources */,
				6A9E116B2A5D93CB009A6463 /* QuestionFormViewModel.swift in Sources */,
				6A9E11662A5D818C009A6463 /* Question+CoreDataProperties.swift in Sources */,
				6AABE81E2A2FB3A2006C2EA3 /* OneQuestionApp.swift in Sources */,
				6A9E115A2A5D7A32009A6463 /* Persistence.swift in Sources */,
				6A9E11682A5D8B7A009A6463 /* NewQuestion.swift in Sources */,
				6A9E11652A5D818C009A6463 /* Question+CoreDataClass.swift in Sources */,
			);
			runOnlyForDeploymentPostprocessing = 0;
		};
/* End PBXSourcesBuildPhase section */

/* Begin XCBuildConfiguration section */
		6AABE8262A2FB3A3006C2EA3 /* Debug */ = {
			isa = XCBuildConfiguration;
			buildSettings = {
				ALWAYS_SEARCH_USER_PATHS = NO;
				CLANG_ANALYZER_NONNULL = YES;
				CLANG_ANALYZER_NUMBER_OBJECT_CONVERSION = YES_AGGRESSIVE;
				CLANG_CXX_LANGUAGE_STANDARD = "gnu++20";
				CLANG_ENABLE_MODULES = YES;
				CLANG_ENABLE_OBJC_ARC = YES;
				CLANG_ENABLE_OBJC_WEAK = YES;
				CLANG_WARN_BLOCK_CAPTURE_AUTORELEASING = YES;
				CLANG_WARN_BOOL_CONVERSION = YES;
				CLANG_WARN_COMMA = YES;
				CLANG_WARN_CONSTANT_CONVERSION = YES;
				CLANG_WARN_DEPRECATED_OBJC_IMPLEMENTATIONS = YES;
				CLANG_WARN_DIRECT_OBJC_ISA_USAGE = YES_ERROR;
				CLANG_WARN_DOCUMENTATION_COMMENTS = YES;
				CLANG_WARN_EMPTY_BODY = YES;
				CLANG_WARN_ENUM_CONVERSION = YES;
				CLANG_WARN_INFINITE_RECURSION = YES;
				CLANG_WARN_INT_CONVERSION = YES;
				CLANG_WARN_NON_LITERAL_NULL_CONVERSION = YES;
				CLANG_WARN_OBJC_IMPLICIT_RETAIN_SELF = YES;
				CLANG_WARN_OBJC_LITERAL_CONVERSION = YES;
				CLANG_WARN_OBJC_ROOT_CLASS = YES_ERROR;
				CLANG_WARN_QUOTED_INCLUDE_IN_FRAMEWORK_HEADER = YES;
				CLANG_WARN_RANGE_LOOP_ANALYSIS = YES;
				CLANG_WARN_STRICT_PROTOTYPES = YES;
				CLANG_WARN_SUSPICIOUS_MOVE = YES;
				CLANG_WARN_UNGUARDED_AVAILABILITY = YES_AGGRESSIVE;
				CLANG_WARN_UNREACHABLE_CODE = YES;
				CLANG_WARN__DUPLICATE_METHOD_MATCH = YES;
				COPY_PHASE_STRIP = NO;
				DEBUG_INFORMATION_FORMAT = dwarf;
				ENABLE_STRICT_OBJC_MSGSEND = YES;
				ENABLE_TESTABILITY = YES;
				GCC_C_LANGUAGE_STANDARD = gnu11;
				GCC_DYNAMIC_NO_PIC = NO;
				GCC_NO_COMMON_BLOCKS = YES;
				GCC_OPTIMIZATION_LEVEL = 0;
				GCC_PREPROCESSOR_DEFINITIONS = (
					"DEBUG=1",
					"$(inherited)",
				);
				GCC_WARN_64_TO_32_BIT_CONVERSION = YES;
				GCC_WARN_ABOUT_RETURN_TYPE = YES_ERROR;
				GCC_WARN_UNDECLARED_SELECTOR = YES;
				GCC_WARN_UNINITIALIZED_AUTOS = YES_AGGRESSIVE;
				GCC_WARN_UNUSED_FUNCTION = YES;
				GCC_WARN_UNUSED_VARIABLE = YES;
				IPHONEOS_DEPLOYMENT_TARGET = 16.4;
				MTL_ENABLE_DEBUG_INFO = INCLUDE_SOURCE;
				MTL_FAST_MATH = YES;
				ONLY_ACTIVE_ARCH = YES;
				SDKROOT = iphoneos;
				SWIFT_ACTIVE_COMPILATION_CONDITIONS = DEBUG;
				SWIFT_OPTIMIZATION_LEVEL = "-Onone";
			};
			name = Debug;
		};
		6AABE8272A2FB3A3006C2EA3 /* Release */ = {
			isa = XCBuildConfiguration;
			buildSettings = {
				ALWAYS_SEARCH_USER_PATHS = NO;
				CLANG_ANALYZER_NONNULL = YES;
				CLANG_ANALYZER_NUMBER_OBJECT_CONVERSION = YES_AGGRESSIVE;
				CLANG_CXX_LANGUAGE_STANDARD = "gnu++20";
				CLANG_ENABLE_MODULES = YES;
				CLANG_ENABLE_OBJC_ARC = YES;
				CLANG_ENABLE_OBJC_WEAK = YES;
				CLANG_WARN_BLOCK_CAPTURE_AUTORELEASING = YES;
				CLANG_WARN_BOOL_CONVERSION = YES;
				CLANG_WARN_COMMA = YES;
				CLANG_WARN_CONSTANT_CONVERSION = YES;
				CLANG_WARN_DEPRECATED_OBJC_IMPLEMENTATIONS = YES;
				CLANG_WARN_DIRECT_OBJC_ISA_USAGE = YES_ERROR;
				CLANG_WARN_DOCUMENTATION_COMMENTS = YES;
				CLANG_WARN_EMPTY_BODY = YES;
				CLANG_WARN_ENUM_CONVERSION = YES;
				CLANG_WARN_INFINITE_RECURSION = YES;
				CLANG_WARN_INT_CONVERSION = YES;
				CLANG_WARN_NON_LITERAL_NULL_CONVERSION = YES;
				CLANG_WARN_OBJC_IMPLICIT_RETAIN_SELF = YES;
				CLANG_WARN_OBJC_LITERAL_CONVERSION = YES;
				CLANG_WARN_OBJC_ROOT_CLASS = YES_ERROR;
				CLANG_WARN_QUOTED_INCLUDE_IN_FRAMEWORK_HEADER = YES;
				CLANG_WARN_RANGE_LOOP_ANALYSIS = YES;
				CLANG_WARN_STRICT_PROTOTYPES = YES;
				CLANG_WARN_SUSPICIOUS_MOVE = YES;
				CLANG_WARN_UNGUARDED_AVAILABILITY = YES_AGGRESSIVE;
				CLANG_WARN_UNREACHABLE_CODE = YES;
				CLANG_WARN__DUPLICATE_METHOD_MATCH = YES;
				COPY_PHASE_STRIP = NO;
				DEBUG_INFORMATION_FORMAT = "dwarf-with-dsym";
				ENABLE_NS_ASSERTIONS = NO;
				ENABLE_STRICT_OBJC_MSGSEND = YES;
				GCC_C_LANGUAGE_STANDARD = gnu11;
				GCC_NO_COMMON_BLOCKS = YES;
				GCC_WARN_64_TO_32_BIT_CONVERSION = YES;
				GCC_WARN_ABOUT_RETURN_TYPE = YES_ERROR;
				GCC_WARN_UNDECLARED_SELECTOR = YES;
				GCC_WARN_UNINITIALIZED_AUTOS = YES_AGGRESSIVE;
				GCC_WARN_UNUSED_FUNCTION = YES;
				GCC_WARN_UNUSED_VARIABLE = YES;
				IPHONEOS_DEPLOYMENT_TARGET = 16.4;
				MTL_ENABLE_DEBUG_INFO = NO;
				MTL_FAST_MATH = YES;
				SDKROOT = iphoneos;
				SWIFT_COMPILATION_MODE = wholemodule;
				SWIFT_OPTIMIZATION_LEVEL = "-O";
				VALIDATE_PRODUCT = YES;
			};
			name = Release;
		};
		6AABE8292A2FB3A3006C2EA3 /* Debug */ = {
			isa = XCBuildConfiguration;
			buildSettings = {
				ASSETCATALOG_COMPILER_APPICON_NAME = AppIcon;
				ASSETCATALOG_COMPILER_GLOBAL_ACCENT_COLOR_NAME = AccentColor;
				CODE_SIGN_STYLE = Automatic;
				CURRENT_PROJECT_VERSION = 1;
				DEVELOPMENT_ASSET_PATHS = "\"OneQuestion/Preview Content\"";
				DEVELOPMENT_TEAM = 6B2HPBN228;
				ENABLE_PREVIEWS = YES;
				GENERATE_INFOPLIST_FILE = YES;
				INFOPLIST_KEY_UIApplicationSceneManifest_Generation = YES;
				INFOPLIST_KEY_UIApplicationSupportsIndirectInputEvents = YES;
				INFOPLIST_KEY_UILaunchScreen_Generation = YES;
				INFOPLIST_KEY_UISupportedInterfaceOrientations_iPad = "UIInterfaceOrientationPortrait UIInterfaceOrientationPortraitUpsideDown UIInterfaceOrientationLandscapeLeft UIInterfaceOrientationLandscapeRight";
				INFOPLIST_KEY_UISupportedInterfaceOrientations_iPhone = "UIInterfaceOrientationPortrait UIInterfaceOrientationLandscapeLeft UIInterfaceOrientationLandscapeRight";
				LD_RUNPATH_SEARCH_PATHS = (
					"$(inherited)",
					"@executable_path/Frameworks",
				);
				MARKETING_VERSION = 1.0;
				PRODUCT_BUNDLE_IDENTIFIER = com.Stenuit.Tristan.OneQuestion;
				PRODUCT_NAME = "$(TARGET_NAME)";
				SWIFT_EMIT_LOC_STRINGS = YES;
				SWIFT_VERSION = 5.0;
				TARGETED_DEVICE_FAMILY = "1,2";
			};
			name = Debug;
		};
		6AABE82A2A2FB3A3006C2EA3 /* Release */ = {
			isa = XCBuildConfiguration;
			buildSettings = {
				ASSETCATALOG_COMPILER_APPICON_NAME = AppIcon;
				ASSETCATALOG_COMPILER_GLOBAL_ACCENT_COLOR_NAME = AccentColor;
				CODE_SIGN_STYLE = Automatic;
				CURRENT_PROJECT_VERSION = 1;
				DEVELOPMENT_ASSET_PATHS = "\"OneQuestion/Preview Content\"";
				DEVELOPMENT_TEAM = 6B2HPBN228;
				ENABLE_PREVIEWS = YES;
				GENERATE_INFOPLIST_FILE = YES;
				INFOPLIST_KEY_UIApplicationSceneManifest_Generation = YES;
				INFOPLIST_KEY_UIApplicationSupportsIndirectInputEvents = YES;
				INFOPLIST_KEY_UILaunchScreen_Generation = YES;
				INFOPLIST_KEY_UISupportedInterfaceOrientations_iPad = "UIInterfaceOrientationPortrait UIInterfaceOrientationPortraitUpsideDown UIInterfaceOrientationLandscapeLeft UIInterfaceOrientationLandscapeRight";
				INFOPLIST_KEY_UISupportedInterfaceOrientations_iPhone = "UIInterfaceOrientationPortrait UIInterfaceOrientationLandscapeLeft UIInterfaceOrientationLandscapeRight";
				LD_RUNPATH_SEARCH_PATHS = (
					"$(inherited)",
					"@executable_path/Frameworks",
				);
				MARKETING_VERSION = 1.0;
				PRODUCT_BUNDLE_IDENTIFIER = com.Stenuit.Tristan.OneQuestion;
				PRODUCT_NAME = "$(TARGET_NAME)";
				SWIFT_EMIT_LOC_STRINGS = YES;
				SWIFT_VERSION = 5.0;
				TARGETED_DEVICE_FAMILY = "1,2";
			};
			name = Release;
		};
/* End XCBuildConfiguration section */

/* Begin XCConfigurationList section */
		6AABE8152A2FB3A2006C2EA3 /* Build configuration list for PBXProject "OneQuestion" */ = {
			isa = XCConfigurationList;
			buildConfigurations = (
				6AABE8262A2FB3A3006C2EA3 /* Debug */,
				6AABE8272A2FB3A3006C2EA3 /* Release */,
			);
			defaultConfigurationIsVisible = 0;
			defaultConfigurationName = Release;
		};
		6AABE8282A2FB3A3006C2EA3 /* Build configuration list for PBXNativeTarget "OneQuestion" */ = {
			isa = XCConfigurationList;
			buildConfigurations = (
				6AABE8292A2FB3A3006C2EA3 /* Debug */,
				6AABE82A2A2FB3A3006C2EA3 /* Release */,
			);
			defaultConfigurationIsVisible = 0;
			defaultConfigurationName = Release;
		};
/* End XCConfigurationList section */

/* Begin XCVersionGroup section */
		6A9E115B2A5D7C7C009A6463 /* OneQuestion.xcdatamodeld */ = {
			isa = XCVersionGroup;
			children = (
				6A9E115C2A5D7C7C009A6463 /* OneQuestion.xcdatamodel */,
			);
			currentVersion = 6A9E115C2A5D7C7C009A6463 /* OneQuestion.xcdatamodel */;
			path = OneQuestion.xcdatamodeld;
			sourceTree = "<group>";
			versionGroupType = wrapper.xcdatamodel;
		};
/* End XCVersionGroup section */
	};
	rootObject = 6AABE8122A2FB3A2006C2EA3 /* Project object */;
}
